
Microsoft Visual Studio Solution File, Format Version 12.00
# Visual Studio Version 16
VisualStudioVersion = 16.0.31025.194
MinimumVisualStudioVersion = 10.0.40219.1
Project("{FAE04EC0-301F-11D3-BF4B-00C04F79EFBC}") = "Betting", "Betting.csproj", "{A8A9FF46-E2AE-4A85-942D-B5D358137BAB}"
EndProject
Global
	GlobalSection(SolutionConfigurationPlatforms) = preSolution
		Debug|Any CPU = Debug|Any CPU
		Release|Any CPU = Release|Any CPU
	EndGlobalSection
	GlobalSection(ProjectConfigurationPlatforms) = postSolution
		{A8A9FF46-E2AE-4A85-942D-B5D358137BAB}.Debug|Any CPU.ActiveCfg = Debug|Any CPU
		{A8A9FF46-E2AE-4A85-942D-B5D358137BAB}.Debug|Any CPU.Build.0 = Debug|Any CPU
		{A8A9FF46-E2AE-4A85-942D-B5D358137BAB}.Release|Any CPU.ActiveCfg = Release|Any CPU
		{A8A9FF46-E2AE-4A85-942D-B5D358137BAB}.Release|Any CPU.Build.0 = Release|Any CPU
	EndGlobalSection
	GlobalSection(SolutionProperties) = preSolution
		HideSolutionNode = FALSE
	EndGlobalSection
	GlobalSection(ExtensibilityGlobals) = postSolution
		SolutionGuid = {9C3C39F9-D039-4097-B100-7C451082FE88}
	EndGlobalSection
EndGlobal
